
Microsoft Visual Studio Solution File, Format Version 12.00
# Visual Studio Version 17
VisualStudioVersion = 17.11.35327.3
MinimumVisualStudioVersion = 10.0.40219.1
Project("{2150E333-8FDC-42A3-9474-1A3956D46DE8}") = "Services", "Services", "{E0859F90-52AE-4E7F-8FC9-E28083412C57}"
EndProject
Project("{2150E333-8FDC-42A3-9474-1A3956D46DE8}") = "Catalog", "Catalog", "{084DFFD8-E7A1-4B8D-BEE8-DEADC650F198}"
EndProject
Project("{9A19103F-16F7-4668-BE54-9A1E7A4F7556}") = "MultiShop.Catalog", "Services\Catalog\MultiShop.Catalog\MultiShop.Catalog.csproj", "{97BAAD38-305D-4D74-8DE5-169496907874}"
EndProject
Project("{2150E333-8FDC-42A3-9474-1A3956D46DE8}") = "Discount", "Discount", "{90E06071-B9D5-4D52-BAAC-19445A54E302}"
EndProject
Project("{9A19103F-16F7-4668-BE54-9A1E7A4F7556}") = "MultiShop.Discount", "Services\Discount\MultiShop.Discount\MultiShop.Discount.csproj", "{4C8EEB61-342D-4D21-BFDC-3ACAE008215A}"
EndProject
Project("{2150E333-8FDC-42A3-9474-1A3956D46DE8}") = "Order", "Order", "{21210FEB-B381-4010-BC5C-BC78C3E0B6EF}"
EndProject
Project("{2150E333-8FDC-42A3-9474-1A3956D46DE8}") = "Core", "Core", "{26B26F6C-3824-4049-AA2E-5E470BCB93A1}"
EndProject
Project("{2150E333-8FDC-42A3-9474-1A3956D46DE8}") = "Infrastructure", "Infrastructure", "{960A7809-3819-4B4F-8B9E-879986589118}"
EndProject
Project("{2150E333-8FDC-42A3-9474-1A3956D46DE8}") = "Presentation", "Presentation", "{47A3D926-F0E7-45C4-B603-142D9892B12D}"
EndProject
Project("{9A19103F-16F7-4668-BE54-9A1E7A4F7556}") = "MultiShop.Order.Domain", "Services\Order\Core\MultiShop.Order.Domain\MultiShop.Order.Domain.csproj", "{8B424E0E-1680-480C-9431-7E0F42B78922}"
EndProject
Project("{9A19103F-16F7-4668-BE54-9A1E7A4F7556}") = "MultiShop.Order.Application", "Services\Order\Core\MultiShop.Order.Application\MultiShop.Order.Application.csproj", "{2971C825-A5FB-41D0-814B-E8467585A03A}"
EndProject
Project("{9A19103F-16F7-4668-BE54-9A1E7A4F7556}") = "MultiShop.Order.Persistance", "Services\Infrastructure\MultiShop.Order.Persistance\MultiShop.Order.Persistance.csproj", "{47C925FA-7E78-4EC6-9795-C9F47D54DAB4}"
EndProject
Project("{9A19103F-16F7-4668-BE54-9A1E7A4F7556}") = "MultiShop.Order.WebApi", "Services\Order\Presentation\MultiShop.Order.WebApi\MultiShop.Order.WebApi.csproj", "{1DD729FC-8084-4998-9A1F-4B92AC19C747}"
EndProject
Project("{2150E333-8FDC-42A3-9474-1A3956D46DE8}") = "IdentityServer", "IdentityServer", "{CCEA19EF-F805-422C-9798-E4DB39EE7071}"
EndProject
Project("{9A19103F-16F7-4668-BE54-9A1E7A4F7556}") = "MultiShop.IdentityServer", "IdentityServer\MultiShop.IdentityServer\MultiShop.IdentityServer.csproj", "{7A5102DB-B59D-44B0-867B-EEC809F6C75F}"
EndProject
Project("{2150E333-8FDC-42A3-9474-1A3956D46DE8}") = "Cargo", "Cargo", "{76CA025D-EEB5-4C2A-AED8-89A190C7421C}"
EndProject
Project("{9A19103F-16F7-4668-BE54-9A1E7A4F7556}") = "MultiShop.Cargo.WebApi", "Services\Cargo\MultiShop.Cargo.WebApi\MultiShop.Cargo.WebApi.csproj", "{6962A1FA-1E1E-4FE4-86F0-9AA74B5F1845}"
EndProject
Project("{9A19103F-16F7-4668-BE54-9A1E7A4F7556}") = "MultiShop.Cargo.EntityLayer", "Services\Cargo\MultiShop.Cargo.EntityLayer\MultiShop.Cargo.EntityLayer.csproj", "{9A5F539B-941A-499B-AA60-28296EC52C11}"
EndProject
Project("{9A19103F-16F7-4668-BE54-9A1E7A4F7556}") = "MultiShop.Cargo.DataAccessLayer", "Services\Cargo\MultiShop.Cargo.DataAccessLayer\MultiShop.Cargo.DataAccessLayer.csproj", "{FFE90247-EF44-495C-BA5E-7908556F9D08}"
EndProject
Project("{9A19103F-16F7-4668-BE54-9A1E7A4F7556}") = "MultiShop.Cargo.BusinessLayer", "Services\Cargo\MultiShop.Cargo.BusinessLayer\MultiShop.Cargo.BusinessLayer.csproj", "{BFC1648B-85B7-4730-A522-29EB1E12141E}"
EndProject
Project("{9A19103F-16F7-4668-BE54-9A1E7A4F7556}") = "MultiShop.Cargo.DtoLayer", "Services\Cargo\MultiShop.Cargo.DtoLayer\MultiShop.Cargo.DtoLayer.csproj", "{B30D4FC4-83E5-4C15-B459-AD9231104A5C}"
EndProject
Project("{2150E333-8FDC-42A3-9474-1A3956D46DE8}") = "Basket", "Basket", "{C8D74159-2EF2-4D09-86C5-4936EDF057CA}"
EndProject
Project("{9A19103F-16F7-4668-BE54-9A1E7A4F7556}") = "MultiShop.Basket", "Services\Basket\MultiShop.Basket\MultiShop.Basket.csproj", "{AC0032AE-A625-49F2-A347-BA3FD1351278}"
EndProject
Project("{2150E333-8FDC-42A3-9474-1A3956D46DE8}") = "Frontend", "Frontend", "{686C5A35-679B-4A31-8E5B-881B770FD38F}"
EndProject
Project("{9A19103F-16F7-4668-BE54-9A1E7A4F7556}") = "MultiShop.WebUI", "Frontend\MultiShop.WebUI\MultiShop.WebUI.csproj", "{DBB2EA80-BB57-435D-A1A0-ACA105055820}"
EndProject
Project("{9A19103F-16F7-4668-BE54-9A1E7A4F7556}") = "MultiShop.DtoLayer", "Frontend\MultiShop.DtoLayer\MultiShop.DtoLayer.csproj", "{CB2A2608-3D7A-4786-AF3F-EE07A3C7F16B}"
EndProject
Project("{2150E333-8FDC-42A3-9474-1A3956D46DE8}") = "Comment", "Comment", "{AE21EB6D-B343-4AEE-B100-2AA334C33AFC}"
EndProject
Project("{FAE04EC0-301F-11D3-BF4B-00C04F79EFBC}") = "MultiShop.Comment", "Services\Comment\MultiShop.Comment\MultiShop.Comment.csproj", "{FE9269CE-BA76-414A-987B-50789683EE8F}"
EndProject
Project("{2150E333-8FDC-42A3-9474-1A3956D46DE8}") = "ApiGateway", "ApiGateway", "{E9ABB46A-BB2E-4E8F-B263-6980349B7E27}"
EndProject
Project("{FAE04EC0-301F-11D3-BF4B-00C04F79EFBC}") = "MultiShop.OcelotGateway", "ApiGateway\MultiShop.OcelotGateway\MultiShop.OcelotGateway.csproj", "{1AD0E2A1-FE4D-4AB9-88B2-EBEBC2AF7D7D}"
EndProject
Project("{2150E333-8FDC-42A3-9474-1A3956D46DE8}") = "Payment", "Payment", "{9B1D7022-EDAE-41D2-A16D-7F886C13659E}"
EndProject
Project("{FAE04EC0-301F-11D3-BF4B-00C04F79EFBC}") = "MultiShop.Payment", "Services\Payment\MultiShop.Payment\MultiShop.Payment.csproj", "{24A6C306-D4D4-4086-9934-EDF378C638A9}"
EndProject
Project("{2150E333-8FDC-42A3-9474-1A3956D46DE8}") = "Images", "Images", "{FB827503-E0C2-42C2-BAD4-E1958A8DB2B7}"
EndProject
Project("{FAE04EC0-301F-11D3-BF4B-00C04F79EFBC}") = "MultiShop.Images", "Services\Images\MultiShop.Images\MultiShop.Images.csproj", "{08181FBC-6225-4B72-B613-F46EB1CB3301}"
EndProject
Project("{2150E333-8FDC-42A3-9474-1A3956D46DE8}") = "Message", "Message", "{0333E7DB-DFE2-41F0-972E-4BE4B508E881}"
EndProject
Project("{FAE04EC0-301F-11D3-BF4B-00C04F79EFBC}") = "MultiShop.Message", "Services\Message\MultiShop.Message\MultiShop.Message.csproj", "{9A200617-538D-4CD5-A462-0C2FB272E892}"
EndProject
Project("{2150E333-8FDC-42A3-9474-1A3956D46DE8}") = "SignalRRealTime", "SignalRRealTime", "{533E00F0-EE52-455E-812D-A899B280CDEC}"
EndProject
Project("{FAE04EC0-301F-11D3-BF4B-00C04F79EFBC}") = "MultiShop.SignalRRealTimeApi", "Services\SignalRRealTime\MultiShop.SignalRRealTimeApi\MultiShop.SignalRRealTimeApi.csproj", "{1D8E8155-BC74-44DF-AFA9-E5A176B970B9}"
EndProject
Project("{FAE04EC0-301F-11D3-BF4B-00C04F79EFBC}") = "MultiShop.Images.WebUI", "Services\Images\MultiShop.Images.WebUI\MultiShop.Images.WebUI.csproj", "{D73F7F54-3E57-457B-AF88-5474DACF46CB}"
EndProject
Project("{2150E333-8FDC-42A3-9474-1A3956D46DE8}") = "RabbitMQMessage", "RabbitMQMessage", "{9E678684-3D15-4480-AD97-45DA9D9799EF}"
EndProject
Project("{FAE04EC0-301F-11D3-BF4B-00C04F79EFBC}") = "MultiShop.RabbitMQMessage", "Services\RabbitMQMessage\MultiShop.RabbitMQMessage\MultiShop.RabbitMQMessage.csproj", "{DEF19D86-72DB-4E35-B2DF-28DE94083B65}"
EndProject
Project("{2150E333-8FDC-42A3-9474-1A3956D46DE8}") = "RapidApi", "RapidApi", "{F8C60422-D4C7-4726-8F0D-CA5682241EBF}"
EndProject
Project("{FAE04EC0-301F-11D3-BF4B-00C04F79EFBC}") = "MultiShop.RapidApi", "RapidApi\MultiShop.RapidApi\MultiShop.RapidApi.csproj", "{D6500A1B-5277-4C3A-A18D-02D9D818E2EB}"
EndProject
Project("{FAE04EC0-301F-11D3-BF4B-00C04F79EFBC}") = "MultiShop.RapidApi.WebUI", "RapidApi\MultiShop.RapidApi.WebUI\MultiShop.RapidApi.WebUI.csproj", "{CA66081C-80FE-4A13-A368-6F07C7161B11}"
EndProject
Global
	GlobalSection(SolutionConfigurationPlatforms) = preSolution
		Debug|Any CPU = Debug|Any CPU
		Release|Any CPU = Release|Any CPU
	EndGlobalSection
	GlobalSection(ProjectConfigurationPlatforms) = postSolution
		{97BAAD38-305D-4D74-8DE5-169496907874}.Debug|Any CPU.ActiveCfg = Debug|Any CPU
		{97BAAD38-305D-4D74-8DE5-169496907874}.Debug|Any CPU.Build.0 = Debug|Any CPU
		{97BAAD38-305D-4D74-8DE5-169496907874}.Release|Any CPU.ActiveCfg = Release|Any CPU
		{97BAAD38-305D-4D74-8DE5-169496907874}.Release|Any CPU.Build.0 = Release|Any CPU
		{4C8EEB61-342D-4D21-BFDC-3ACAE008215A}.Debug|Any CPU.ActiveCfg = Debug|Any CPU
		{4C8EEB61-342D-4D21-BFDC-3ACAE008215A}.Debug|Any CPU.Build.0 = Debug|Any CPU
		{4C8EEB61-342D-4D21-BFDC-3ACAE008215A}.Release|Any CPU.ActiveCfg = Release|Any CPU
		{4C8EEB61-342D-4D21-BFDC-3ACAE008215A}.Release|Any CPU.Build.0 = Release|Any CPU
		{8B424E0E-1680-480C-9431-7E0F42B78922}.Debug|Any CPU.ActiveCfg = Debug|Any CPU
		{8B424E0E-1680-480C-9431-7E0F42B78922}.Debug|Any CPU.Build.0 = Debug|Any CPU
		{8B424E0E-1680-480C-9431-7E0F42B78922}.Release|Any CPU.ActiveCfg = Release|Any CPU
		{8B424E0E-1680-480C-9431-7E0F42B78922}.Release|Any CPU.Build.0 = Release|Any CPU
		{2971C825-A5FB-41D0-814B-E8467585A03A}.Debug|Any CPU.ActiveCfg = Debug|Any CPU
		{2971C825-A5FB-41D0-814B-E8467585A03A}.Debug|Any CPU.Build.0 = Debug|Any CPU
		{2971C825-A5FB-41D0-814B-E8467585A03A}.Release|Any CPU.ActiveCfg = Release|Any CPU
		{2971C825-A5FB-41D0-814B-E8467585A03A}.Release|Any CPU.Build.0 = Release|Any CPU
		{47C925FA-7E78-4EC6-9795-C9F47D54DAB4}.Debug|Any CPU.ActiveCfg = Debug|Any CPU
		{47C925FA-7E78-4EC6-9795-C9F47D54DAB4}.Debug|Any CPU.Build.0 = Debug|Any CPU
		{47C925FA-7E78-4EC6-9795-C9F47D54DAB4}.Release|Any CPU.ActiveCfg = Release|Any CPU
		{47C925FA-7E78-4EC6-9795-C9F47D54DAB4}.Release|Any CPU.Build.0 = Release|Any CPU
		{1DD729FC-8084-4998-9A1F-4B92AC19C747}.Debug|Any CPU.ActiveCfg = Debug|Any CPU
		{1DD729FC-8084-4998-9A1F-4B92AC19C747}.Debug|Any CPU.Build.0 = Debug|Any CPU
		{1DD729FC-8084-4998-9A1F-4B92AC19C747}.Release|Any CPU.ActiveCfg = Release|Any CPU
		{1DD729FC-8084-4998-9A1F-4B92AC19C747}.Release|Any CPU.Build.0 = Release|Any CPU
		{7A5102DB-B59D-44B0-867B-EEC809F6C75F}.Debug|Any CPU.ActiveCfg = Debug|Any CPU
		{7A5102DB-B59D-44B0-867B-EEC809F6C75F}.Debug|Any CPU.Build.0 = Debug|Any CPU
		{7A5102DB-B59D-44B0-867B-EEC809F6C75F}.Release|Any CPU.ActiveCfg = Release|Any CPU
		{7A5102DB-B59D-44B0-867B-EEC809F6C75F}.Release|Any CPU.Build.0 = Release|Any CPU
		{6962A1FA-1E1E-4FE4-86F0-9AA74B5F1845}.Debug|Any CPU.ActiveCfg = Debug|Any CPU
		{6962A1FA-1E1E-4FE4-86F0-9AA74B5F1845}.Debug|Any CPU.Build.0 = Debug|Any CPU
		{6962A1FA-1E1E-4FE4-86F0-9AA74B5F1845}.Release|Any CPU.ActiveCfg = Release|Any CPU
		{6962A1FA-1E1E-4FE4-86F0-9AA74B5F1845}.Release|Any CPU.Build.0 = Release|Any CPU
		{9A5F539B-941A-499B-AA60-28296EC52C11}.Debug|Any CPU.ActiveCfg = Debug|Any CPU
		{9A5F539B-941A-499B-AA60-28296EC52C11}.Debug|Any CPU.Build.0 = Debug|Any CPU
		{9A5F539B-941A-499B-AA60-28296EC52C11}.Release|Any CPU.ActiveCfg = Release|Any CPU
		{9A5F539B-941A-499B-AA60-28296EC52C11}.Release|Any CPU.Build.0 = Release|Any CPU
		{FFE90247-EF44-495C-BA5E-7908556F9D08}.Debug|Any CPU.ActiveCfg = Debug|Any CPU
		{FFE90247-EF44-495C-BA5E-7908556F9D08}.Debug|Any CPU.Build.0 = Debug|Any CPU
		{FFE90247-EF44-495C-BA5E-7908556F9D08}.Release|Any CPU.ActiveCfg = Release|Any CPU
		{FFE90247-EF44-495C-BA5E-7908556F9D08}.Release|Any CPU.Build.0 = Release|Any CPU
		{BFC1648B-85B7-4730-A522-29EB1E12141E}.Debug|Any CPU.ActiveCfg = Debug|Any CPU
		{BFC1648B-85B7-4730-A522-29EB1E12141E}.Debug|Any CPU.Build.0 = Debug|Any CPU
		{BFC1648B-85B7-4730-A522-29EB1E12141E}.Release|Any CPU.ActiveCfg = Release|Any CPU
		{BFC1648B-85B7-4730-A522-29EB1E12141E}.Release|Any CPU.Build.0 = Release|Any CPU
		{B30D4FC4-83E5-4C15-B459-AD9231104A5C}.Debug|Any CPU.ActiveCfg = Debug|Any CPU
		{B30D4FC4-83E5-4C15-B459-AD9231104A5C}.Debug|Any CPU.Build.0 = Debug|Any CPU
		{B30D4FC4-83E5-4C15-B459-AD9231104A5C}.Release|Any CPU.ActiveCfg = Release|Any CPU
		{B30D4FC4-83E5-4C15-B459-AD9231104A5C}.Release|Any CPU.Build.0 = Release|Any CPU
		{AC0032AE-A625-49F2-A347-BA3FD1351278}.Debug|Any CPU.ActiveCfg = Debug|Any CPU
		{AC0032AE-A625-49F2-A347-BA3FD1351278}.Debug|Any CPU.Build.0 = Debug|Any CPU
		{AC0032AE-A625-49F2-A347-BA3FD1351278}.Release|Any CPU.ActiveCfg = Release|Any CPU
		{AC0032AE-A625-49F2-A347-BA3FD1351278}.Release|Any CPU.Build.0 = Release|Any CPU
		{DBB2EA80-BB57-435D-A1A0-ACA105055820}.Debug|Any CPU.ActiveCfg = Debug|Any CPU
		{DBB2EA80-BB57-435D-A1A0-ACA105055820}.Debug|Any CPU.Build.0 = Debug|Any CPU
		{DBB2EA80-BB57-435D-A1A0-ACA105055820}.Release|Any CPU.ActiveCfg = Release|Any CPU
		{DBB2EA80-BB57-435D-A1A0-ACA105055820}.Release|Any CPU.Build.0 = Release|Any CPU
		{CB2A2608-3D7A-4786-AF3F-EE07A3C7F16B}.Debug|Any CPU.ActiveCfg = Debug|Any CPU
		{CB2A2608-3D7A-4786-AF3F-EE07A3C7F16B}.Debug|Any CPU.Build.0 = Debug|Any CPU
		{CB2A2608-3D7A-4786-AF3F-EE07A3C7F16B}.Release|Any CPU.ActiveCfg = Release|Any CPU
		{CB2A2608-3D7A-4786-AF3F-EE07A3C7F16B}.Release|Any CPU.Build.0 = Release|Any CPU
		{FE9269CE-BA76-414A-987B-50789683EE8F}.Debug|Any CPU.ActiveCfg = Debug|Any CPU
		{FE9269CE-BA76-414A-987B-50789683EE8F}.Debug|Any CPU.Build.0 = Debug|Any CPU
		{FE9269CE-BA76-414A-987B-50789683EE8F}.Release|Any CPU.ActiveCfg = Release|Any CPU
		{FE9269CE-BA76-414A-987B-50789683EE8F}.Release|Any CPU.Build.0 = Release|Any CPU
		{1AD0E2A1-FE4D-4AB9-88B2-EBEBC2AF7D7D}.Debug|Any CPU.ActiveCfg = Debug|Any CPU
		{1AD0E2A1-FE4D-4AB9-88B2-EBEBC2AF7D7D}.Debug|Any CPU.Build.0 = Debug|Any CPU
		{1AD0E2A1-FE4D-4AB9-88B2-EBEBC2AF7D7D}.Release|Any CPU.ActiveCfg = Release|Any CPU
		{1AD0E2A1-FE4D-4AB9-88B2-EBEBC2AF7D7D}.Release|Any CPU.Build.0 = Release|Any CPU
		{24A6C306-D4D4-4086-9934-EDF378C638A9}.Debug|Any CPU.ActiveCfg = Debug|Any CPU
		{24A6C306-D4D4-4086-9934-EDF378C638A9}.Debug|Any CPU.Build.0 = Debug|Any CPU
		{24A6C306-D4D4-4086-9934-EDF378C638A9}.Release|Any CPU.ActiveCfg = Release|Any CPU
		{24A6C306-D4D4-4086-9934-EDF378C638A9}.Release|Any CPU.Build.0 = Release|Any CPU
		{08181FBC-6225-4B72-B613-F46EB1CB3301}.Debug|Any CPU.ActiveCfg = Debug|Any CPU
		{08181FBC-6225-4B72-B613-F46EB1CB3301}.Debug|Any CPU.Build.0 = Debug|Any CPU
		{08181FBC-6225-4B72-B613-F46EB1CB3301}.Release|Any CPU.ActiveCfg = Release|Any CPU
		{08181FBC-6225-4B72-B613-F46EB1CB3301}.Release|Any CPU.Build.0 = Release|Any CPU
		{9A200617-538D-4CD5-A462-0C2FB272E892}.Debug|Any CPU.ActiveCfg = Debug|Any CPU
		{9A200617-538D-4CD5-A462-0C2FB272E892}.Debug|Any CPU.Build.0 = Debug|Any CPU
		{9A200617-538D-4CD5-A462-0C2FB272E892}.Release|Any CPU.ActiveCfg = Release|Any CPU
		{9A200617-538D-4CD5-A462-0C2FB272E892}.Release|Any CPU.Build.0 = Release|Any CPU
		{1D8E8155-BC74-44DF-AFA9-E5A176B970B9}.Debug|Any CPU.ActiveCfg = Debug|Any CPU
		{1D8E8155-BC74-44DF-AFA9-E5A176B970B9}.Debug|Any CPU.Build.0 = Debug|Any CPU
		{1D8E8155-BC74-44DF-AFA9-E5A176B970B9}.Release|Any CPU.ActiveCfg = Release|Any CPU
		{1D8E8155-BC74-44DF-AFA9-E5A176B970B9}.Release|Any CPU.Build.0 = Release|Any CPU
		{D73F7F54-3E57-457B-AF88-5474DACF46CB}.Debug|Any CPU.ActiveCfg = Debug|Any CPU
		{D73F7F54-3E57-457B-AF88-5474DACF46CB}.Debug|Any CPU.Build.0 = Debug|Any CPU
		{D73F7F54-3E57-457B-AF88-5474DACF46CB}.Release|Any CPU.ActiveCfg = Release|Any CPU
		{D73F7F54-3E57-457B-AF88-5474DACF46CB}.Release|Any CPU.Build.0 = Release|Any CPU
		{DEF19D86-72DB-4E35-B2DF-28DE94083B65}.Debug|Any CPU.ActiveCfg = Debug|Any CPU
		{DEF19D86-72DB-4E35-B2DF-28DE94083B65}.Debug|Any CPU.Build.0 = Debug|Any CPU
		{DEF19D86-72DB-4E35-B2DF-28DE94083B65}.Release|Any CPU.ActiveCfg = Release|Any CPU
		{DEF19D86-72DB-4E35-B2DF-28DE94083B65}.Release|Any CPU.Build.0 = Release|Any CPU
		{D6500A1B-5277-4C3A-A18D-02D9D818E2EB}.Debug|Any CPU.ActiveCfg = Debug|Any CPU
		{D6500A1B-5277-4C3A-A18D-02D9D818E2EB}.Debug|Any CPU.Build.0 = Debug|Any CPU
		{D6500A1B-5277-4C3A-A18D-02D9D818E2EB}.Release|Any CPU.ActiveCfg = Release|Any CPU
		{D6500A1B-5277-4C3A-A18D-02D9D818E2EB}.Release|Any CPU.Build.0 = Release|Any CPU
		{CA66081C-80FE-4A13-A368-6F07C7161B11}.Debug|Any CPU.ActiveCfg = Debug|Any CPU
		{CA66081C-80FE-4A13-A368-6F07C7161B11}.Debug|Any CPU.Build.0 = Debug|Any CPU
		{CA66081C-80FE-4A13-A368-6F07C7161B11}.Release|Any CPU.ActiveCfg = Release|Any CPU
		{CA66081C-80FE-4A13-A368-6F07C7161B11}.Release|Any CPU.Build.0 = Release|Any CPU
	EndGlobalSection
	GlobalSection(SolutionProperties) = preSolution
		HideSolutionNode = FALSE
	EndGlobalSection
	GlobalSection(NestedProjects) = preSolution
		{084DFFD8-E7A1-4B8D-BEE8-DEADC650F198} = {E0859F90-52AE-4E7F-8FC9-E28083412C57}
		{97BAAD38-305D-4D74-8DE5-169496907874} = {084DFFD8-E7A1-4B8D-BEE8-DEADC650F198}
		{90E06071-B9D5-4D52-BAAC-19445A54E302} = {E0859F90-52AE-4E7F-8FC9-E28083412C57}
		{4C8EEB61-342D-4D21-BFDC-3ACAE008215A} = {90E06071-B9D5-4D52-BAAC-19445A54E302}
		{21210FEB-B381-4010-BC5C-BC78C3E0B6EF} = {E0859F90-52AE-4E7F-8FC9-E28083412C57}
		{26B26F6C-3824-4049-AA2E-5E470BCB93A1} = {21210FEB-B381-4010-BC5C-BC78C3E0B6EF}
		{960A7809-3819-4B4F-8B9E-879986589118} = {21210FEB-B381-4010-BC5C-BC78C3E0B6EF}
		{47A3D926-F0E7-45C4-B603-142D9892B12D} = {21210FEB-B381-4010-BC5C-BC78C3E0B6EF}
		{8B424E0E-1680-480C-9431-7E0F42B78922} = {26B26F6C-3824-4049-AA2E-5E470BCB93A1}
		{2971C825-A5FB-41D0-814B-E8467585A03A} = {26B26F6C-3824-4049-AA2E-5E470BCB93A1}
		{47C925FA-7E78-4EC6-9795-C9F47D54DAB4} = {960A7809-3819-4B4F-8B9E-879986589118}
		{1DD729FC-8084-4998-9A1F-4B92AC19C747} = {47A3D926-F0E7-45C4-B603-142D9892B12D}
		{7A5102DB-B59D-44B0-867B-EEC809F6C75F} = {CCEA19EF-F805-422C-9798-E4DB39EE7071}
		{76CA025D-EEB5-4C2A-AED8-89A190C7421C} = {E0859F90-52AE-4E7F-8FC9-E28083412C57}
		{6962A1FA-1E1E-4FE4-86F0-9AA74B5F1845} = {76CA025D-EEB5-4C2A-AED8-89A190C7421C}
		{9A5F539B-941A-499B-AA60-28296EC52C11} = {76CA025D-EEB5-4C2A-AED8-89A190C7421C}
		{FFE90247-EF44-495C-BA5E-7908556F9D08} = {76CA025D-EEB5-4C2A-AED8-89A190C7421C}
		{BFC1648B-85B7-4730-A522-29EB1E12141E} = {76CA025D-EEB5-4C2A-AED8-89A190C7421C}
		{B30D4FC4-83E5-4C15-B459-AD9231104A5C} = {76CA025D-EEB5-4C2A-AED8-89A190C7421C}
		{C8D74159-2EF2-4D09-86C5-4936EDF057CA} = {E0859F90-52AE-4E7F-8FC9-E28083412C57}
		{AC0032AE-A625-49F2-A347-BA3FD1351278} = {C8D74159-2EF2-4D09-86C5-4936EDF057CA}
		{DBB2EA80-BB57-435D-A1A0-ACA105055820} = {686C5A35-679B-4A31-8E5B-881B770FD38F}
		{CB2A2608-3D7A-4786-AF3F-EE07A3C7F16B} = {686C5A35-679B-4A31-8E5B-881B770FD38F}
		{AE21EB6D-B343-4AEE-B100-2AA334C33AFC} = {E0859F90-52AE-4E7F-8FC9-E28083412C57}
		{FE9269CE-BA76-414A-987B-50789683EE8F} = {AE21EB6D-B343-4AEE-B100-2AA334C33AFC}
		{1AD0E2A1-FE4D-4AB9-88B2-EBEBC2AF7D7D} = {E9ABB46A-BB2E-4E8F-B263-6980349B7E27}
		{9B1D7022-EDAE-41D2-A16D-7F886C13659E} = {E0859F90-52AE-4E7F-8FC9-E28083412C57}
		{24A6C306-D4D4-4086-9934-EDF378C638A9} = {9B1D7022-EDAE-41D2-A16D-7F886C13659E}
		{FB827503-E0C2-42C2-BAD4-E1958A8DB2B7} = {E0859F90-52AE-4E7F-8FC9-E28083412C57}
		{08181FBC-6225-4B72-B613-F46EB1CB3301} = {FB827503-E0C2-42C2-BAD4-E1958A8DB2B7}
		{0333E7DB-DFE2-41F0-972E-4BE4B508E881} = {E0859F90-52AE-4E7F-8FC9-E28083412C57}
		{9A200617-538D-4CD5-A462-0C2FB272E892} = {0333E7DB-DFE2-41F0-972E-4BE4B508E881}
		{533E00F0-EE52-455E-812D-A899B280CDEC} = {E0859F90-52AE-4E7F-8FC9-E28083412C57}
		{1D8E8155-BC74-44DF-AFA9-E5A176B970B9} = {533E00F0-EE52-455E-812D-A899B280CDEC}
		{D73F7F54-3E57-457B-AF88-5474DACF46CB} = {FB827503-E0C2-42C2-BAD4-E1958A8DB2B7}
		{9E678684-3D15-4480-AD97-45DA9D9799EF} = {E0859F90-52AE-4E7F-8FC9-E28083412C57}
		{DEF19D86-72DB-4E35-B2DF-28DE94083B65} = {9E678684-3D15-4480-AD97-45DA9D9799EF}
		{D6500A1B-5277-4C3A-A18D-02D9D818E2EB} = {F8C60422-D4C7-4726-8F0D-CA5682241EBF}
		{CA66081C-80FE-4A13-A368-6F07C7161B11} = {F8C60422-D4C7-4726-8F0D-CA5682241EBF}
	EndGlobalSection
	GlobalSection(ExtensibilityGlobals) = postSolution
		SolutionGuid = {F55850CE-0122-4006-893E-4F5C66E2487E}
	EndGlobalSection
EndGlobal
